
Microsoft Visual Studio Solution File, Format Version 12.00
# Visual Studio Version 16
VisualStudioVersion = 16.0.30114.105
MinimumVisualStudioVersion = 10.0.40219.1
Project("{FAE04EC0-301F-11D3-BF4B-00C04F79EFBC}") = "lib", "lib\lib.csproj", "{F2106816-1511-4AE9-A24B-2B4F6ADFD53C}"
EndProject
Project("{FAE04EC0-301F-11D3-BF4B-00C04F79EFBC}") = "console", "console\console.csproj", "{F54F0853-45C2-4967-98AB-0A48762946F4}"
EndProject
Project("{FAE04EC0-301F-11D3-BF4B-00C04F79EFBC}") = "test", "test\test.csproj", "{1441DEF7-E967-48BF-8EFC-5DF9781F4286}"
EndProject
Project("{FAE04EC0-301F-11D3-BF4B-00C04F79EFBC}") = "api", "api\api.csproj", "{0BF9562B-005A-49F8-B130-2140083FDA99}"
EndProject
Project("{2150E333-8FDC-42A3-9474-1A3956D46DE8}") = "Solution Items", "Solution Items", "{9FEADC55-DD0C-457A-A8F6-278A1A1C95D5}"
	ProjectSection(SolutionItems) = preProject
		.editorconfig = .editorconfig
	EndProjectSection
EndProject
Global
	GlobalSection(SolutionConfigurationPlatforms) = preSolution
		Debug|Any CPU = Debug|Any CPU
		Release|Any CPU = Release|Any CPU
	EndGlobalSection
	GlobalSection(SolutionProperties) = preSolution
		HideSolutionNode = FALSE
	EndGlobalSection
	GlobalSection(ProjectConfigurationPlatforms) = postSolution
		{F2106816-1511-4AE9-A24B-2B4F6ADFD53C}.Debug|Any CPU.ActiveCfg = Debug|Any CPU
		{F2106816-1511-4AE9-A24B-2B4F6ADFD53C}.Debug|Any CPU.Build.0 = Debug|Any CPU
		{F2106816-1511-4AE9-A24B-2B4F6ADFD53C}.Release|Any CPU.ActiveCfg = Release|Any CPU
		{F2106816-1511-4AE9-A24B-2B4F6ADFD53C}.Release|Any CPU.Build.0 = Release|Any CPU
		{F54F0853-45C2-4967-98AB-0A48762946F4}.Debug|Any CPU.ActiveCfg = Debug|Any CPU
		{F54F0853-45C2-4967-98AB-0A48762946F4}.Debug|Any CPU.Build.0 = Debug|Any CPU
		{F54F0853-45C2-4967-98AB-0A48762946F4}.Release|Any CPU.ActiveCfg = Release|Any CPU
		{F54F0853-45C2-4967-98AB-0A48762946F4}.Release|Any CPU.Build.0 = Release|Any CPU
		{1441DEF7-E967-48BF-8EFC-5DF9781F4286}.Debug|Any CPU.ActiveCfg = Debug|Any CPU
		{1441DEF7-E967-48BF-8EFC-5DF9781F4286}.Debug|Any CPU.Build.0 = Debug|Any CPU
		{1441DEF7-E967-48BF-8EFC-5DF9781F4286}.Release|Any CPU.ActiveCfg = Release|Any CPU
		{1441DEF7-E967-48BF-8EFC-5DF9781F4286}.Release|Any CPU.Build.0 = Release|Any CPU
		{0BF9562B-005A-49F8-B130-2140083FDA99}.Debug|Any CPU.ActiveCfg = Debug|Any CPU
		{0BF9562B-005A-49F8-B130-2140083FDA99}.Debug|Any CPU.Build.0 = Debug|Any CPU
		{0BF9562B-005A-49F8-B130-2140083FDA99}.Release|Any CPU.ActiveCfg = Release|Any CPU
		{0BF9562B-005A-49F8-B130-2140083FDA99}.Release|Any CPU.Build.0 = Release|Any CPU
	EndGlobalSection
EndGlobal
